
Microsoft Visual Studio Solution File, Format Version 12.00
# Visual Studio Version 17
VisualStudioVersion = 17.0.31903.59
MinimumVisualStudioVersion = 10.0.40219.1
Project("{2150E333-8FDC-42A3-9474-1A3956D46DE8}") = "src", "src", "{786EBD80-7359-43B1-B4D4-B9352ACE49EF}"
EndProject
Project("{2150E333-8FDC-42A3-9474-1A3956D46DE8}") = "XlsxValidation", "XlsxValidation", "{759EFC4F-FD1A-4AEE-9175-42EE0DCE337B}"
EndProject
Project("{FAE04EC0-301F-11D3-BF4B-00C04F79EFBC}") = "XlsxValidation", "src\XlsxValidation\XlsxValidation.csproj", "{BF0C7567-141E-4929-A588-4F27714B859B}"
EndProject
Project("{2150E333-8FDC-42A3-9474-1A3956D46DE8}") = "XlsxValidation.Tests", "XlsxValidation.Tests", "{C0C23311-D7AD-43AE-B0C7-F1BCCCA689A7}"
EndProject
Project("{FAE04EC0-301F-11D3-BF4B-00C04F79EFBC}") = "XlsxValidation.Tests", "tests\XlsxValidation.Tests\XlsxValidation.Tests.csproj", "{ACFDBABD-67B9-47B9-B488-91E8249D4378}"
EndProject
Global
	GlobalSection(SolutionConfigurationPlatforms) = preSolution
		Debug|Any CPU = Debug|Any CPU
		Release|Any CPU = Release|Any CPU
	EndGlobalSection
	GlobalSection(SolutionProperties) = preSolution
		HideSolutionNode = FALSE
	EndGlobalSection
	GlobalSection(ProjectConfigurationPlatforms) = postSolution
		{BF0C7567-141E-4929-A588-4F27714B859B}.Debug|Any CPU.ActiveCfg = Debug|Any CPU
		{BF0C7567-141E-4929-A588-4F27714B859B}.Debug|Any CPU.Build.0 = Debug|Any CPU
		{BF0C7567-141E-4929-A588-4F27714B859B}.Release|Any CPU.ActiveCfg = Release|Any CPU
		{BF0C7567-141E-4929-A588-4F27714B859B}.Release|Any CPU.Build.0 = Release|Any CPU
		{ACFDBABD-67B9-47B9-B488-91E8249D4378}.Debug|Any CPU.ActiveCfg = Debug|Any CPU
		{ACFDBABD-67B9-47B9-B488-91E8249D4378}.Debug|Any CPU.Build.0 = Debug|Any CPU
		{ACFDBABD-67B9-47B9-B488-91E8249D4378}.Release|Any CPU.ActiveCfg = Release|Any CPU
		{ACFDBABD-67B9-47B9-B488-91E8249D4378}.Release|Any CPU.Build.0 = Release|Any CPU
	EndGlobalSection
	GlobalSection(NestedProjects) = preSolution
		{759EFC4F-FD1A-4AEE-9175-42EE0DCE337B} = {786EBD80-7359-43B1-B4D4-B9352ACE49EF}
		{BF0C7567-141E-4929-A588-4F27714B859B} = {759EFC4F-FD1A-4AEE-9175-42EE0DCE337B}
		{C0C23311-D7AD-43AE-B0C7-F1BCCCA689A7} = {786EBD80-7359-43B1-B4D4-B9352ACE49EF}
		{ACFDBABD-67B9-47B9-B488-91E8249D4378} = {C0C23311-D7AD-43AE-B0C7-F1BCCCA689A7}
	EndGlobalSection
EndGlobal
